Microsoft Visual Studio Solution File, Format Version 8.00
Project("{FAE04EC0-301F-11D3-BF4B-00C04F79EFBC}") = "Laufwerk-Infos", "Laufwerk-Infos.csproj", "{0AB5CA06-D934-46F6-A566-A7AB25AB880A}"
	ProjectSection(ProjectDependencies) = postProject
	EndProjectSection
EndProject
Global
	GlobalSection(SolutionConfiguration) = preSolution
		Debug = Debug
		Release = Release
	EndGlobalSection
	GlobalSection(ProjectConfiguration) = postSolution
		{0AB5CA06-D934-46F6-A566-A7AB25AB880A}.Debug.ActiveCfg = Debug|.NET
		{0AB5CA06-D934-46F6-A566-A7AB25AB880A}.Debug.Build.0 = Debug|.NET
		{0AB5CA06-D934-46F6-A566-A7AB25AB880A}.Release.ActiveCfg = Release|.NET
		{0AB5CA06-D934-46F6-A566-A7AB25AB880A}.Release.Build.0 = Release|.NET
	EndGlobalSection
	GlobalSection(ExtensibilityGlobals) = postSolution
	EndGlobalSection
	GlobalSection(ExtensibilityAddIns) = postSolution
	EndGlobalSection
EndGlobal
