Microsoft Visual Studio Solution File, Format Version 8.00
Project("{FAE04EC0-301F-11D3-BF4B-00C04F79EFBC}") = "ListView sortieren", "ListView sortieren.csproj", "{E445AA58-609B-488D-AEE7-713CA2CCAFD7}"
	ProjectSection(ProjectDependencies) = postProject
	EndProjectSection
EndProject
Global
	GlobalSection(SolutionConfiguration) = preSolution
		Debug = Debug
		Release = Release
	EndGlobalSection
	GlobalSection(ProjectConfiguration) = postSolution
		{E445AA58-609B-488D-AEE7-713CA2CCAFD7}.Debug.ActiveCfg = Debug|.NET
		{E445AA58-609B-488D-AEE7-713CA2CCAFD7}.Debug.Build.0 = Debug|.NET
		{E445AA58-609B-488D-AEE7-713CA2CCAFD7}.Release.ActiveCfg = Release|.NET
		{E445AA58-609B-488D-AEE7-713CA2CCAFD7}.Release.Build.0 = Release|.NET
	EndGlobalSection
	GlobalSection(ExtensibilityGlobals) = postSolution
	EndGlobalSection
	GlobalSection(ExtensibilityAddIns) = postSolution
	EndGlobalSection
EndGlobal
