Microsoft Visual Studio Solution File, Format Version 8.00
Project("{FAE04EC0-301F-11D3-BF4B-00C04F79EFBC}") = "XML-Dateien über ein DataSet lesen", "XML-Dateien über ein DataSet lesen.csproj", "{8051C46C-59F5-4AA9-9A2B-D6498EAE5618}"
	ProjectSection(ProjectDependencies) = postProject
	EndProjectSection
EndProject
Global
	GlobalSection(SolutionConfiguration) = preSolution
		Debug = Debug
		Release = Release
	EndGlobalSection
	GlobalSection(ProjectConfiguration) = postSolution
		{8051C46C-59F5-4AA9-9A2B-D6498EAE5618}.Debug.ActiveCfg = Debug|.NET
		{8051C46C-59F5-4AA9-9A2B-D6498EAE5618}.Debug.Build.0 = Debug|.NET
		{8051C46C-59F5-4AA9-9A2B-D6498EAE5618}.Release.ActiveCfg = Release|.NET
		{8051C46C-59F5-4AA9-9A2B-D6498EAE5618}.Release.Build.0 = Release|.NET
	EndGlobalSection
	GlobalSection(ExtensibilityGlobals) = postSolution
	EndGlobalSection
	GlobalSection(ExtensibilityAddIns) = postSolution
	EndGlobalSection
EndGlobal
