Microsoft Visual Studio Solution File, Format Version 8.00
Project("{FAE04EC0-301F-11D3-BF4B-00C04F79EFBC}") = "Suchen in Arrays", "Suchen in Arrays.csproj", "{0C5EEAEE-F966-4E14-90A0-2DEFE6103879}"
	ProjectSection(ProjectDependencies) = postProject
	EndProjectSection
EndProject
Global
	GlobalSection(SolutionConfiguration) = preSolution
		Debug = Debug
		Release = Release
	EndGlobalSection
	GlobalSection(ProjectConfiguration) = postSolution
		{0C5EEAEE-F966-4E14-90A0-2DEFE6103879}.Debug.ActiveCfg = Debug|.NET
		{0C5EEAEE-F966-4E14-90A0-2DEFE6103879}.Debug.Build.0 = Debug|.NET
		{0C5EEAEE-F966-4E14-90A0-2DEFE6103879}.Release.ActiveCfg = Release|.NET
		{0C5EEAEE-F966-4E14-90A0-2DEFE6103879}.Release.Build.0 = Release|.NET
	EndGlobalSection
	GlobalSection(ExtensibilityGlobals) = postSolution
	EndGlobalSection
	GlobalSection(ExtensibilityAddIns) = postSolution
	EndGlobalSection
EndGlobal
