Microsoft Visual Studio Solution File, Format Version 8.00
Project("{FAE04EC0-301F-11D3-BF4B-00C04F79EFBC}") = "Arrays sortieren", "Arrays sortieren.csproj", "{8D056BA4-2661-46DD-B98C-D0413E0ED6B7}"
	ProjectSection(ProjectDependencies) = postProject
	EndProjectSection
EndProject
Global
	GlobalSection(SolutionConfiguration) = preSolution
		Debug = Debug
		Release = Release
	EndGlobalSection
	GlobalSection(ProjectConfiguration) = postSolution
		{8D056BA4-2661-46DD-B98C-D0413E0ED6B7}.Debug.ActiveCfg = Debug|.NET
		{8D056BA4-2661-46DD-B98C-D0413E0ED6B7}.Debug.Build.0 = Debug|.NET
		{8D056BA4-2661-46DD-B98C-D0413E0ED6B7}.Release.ActiveCfg = Release|.NET
		{8D056BA4-2661-46DD-B98C-D0413E0ED6B7}.Release.Build.0 = Release|.NET
	EndGlobalSection
	GlobalSection(ExtensibilityGlobals) = postSolution
	EndGlobalSection
	GlobalSection(ExtensibilityAddIns) = postSolution
	EndGlobalSection
EndGlobal
