Microsoft Visual Studio Solution File, Format Version 8.00
Project("{FAE04EC0-301F-11D3-BF4B-00C04F79EFBC}") = "AutoCompleteComboBox", "AutoCompleteComboBox.csproj", "{7F8F0B1D-1AFC-420F-B03F-7FBB4185F37A}"
	ProjectSection(ProjectDependencies) = postProject
	EndProjectSection
EndProject
Project("{FAE04EC0-301F-11D3-BF4B-00C04F79EFBC}") = "AutoCompleteComboBox-Demo", "..\AutoCompleteComboBox-Demo\AutoCompleteComboBox-Demo.csproj", "{42AB7B98-EC32-4097-9966-6552DB978B4F}"
	ProjectSection(ProjectDependencies) = postProject
	EndProjectSection
EndProject
Global
	GlobalSection(SolutionConfiguration) = preSolution
		Debug = Debug
		Release = Release
	EndGlobalSection
	GlobalSection(ProjectConfiguration) = postSolution
		{7F8F0B1D-1AFC-420F-B03F-7FBB4185F37A}.Debug.ActiveCfg = Debug|.NET
		{7F8F0B1D-1AFC-420F-B03F-7FBB4185F37A}.Debug.Build.0 = Debug|.NET
		{7F8F0B1D-1AFC-420F-B03F-7FBB4185F37A}.Release.ActiveCfg = Release|.NET
		{7F8F0B1D-1AFC-420F-B03F-7FBB4185F37A}.Release.Build.0 = Release|.NET
		{42AB7B98-EC32-4097-9966-6552DB978B4F}.Debug.ActiveCfg = Debug|.NET
		{42AB7B98-EC32-4097-9966-6552DB978B4F}.Debug.Build.0 = Debug|.NET
		{42AB7B98-EC32-4097-9966-6552DB978B4F}.Release.ActiveCfg = Release|.NET
		{42AB7B98-EC32-4097-9966-6552DB978B4F}.Release.Build.0 = Release|.NET
	EndGlobalSection
	GlobalSection(ExtensibilityGlobals) = postSolution
	EndGlobalSection
	GlobalSection(ExtensibilityAddIns) = postSolution
	EndGlobalSection
EndGlobal
