Microsoft Visual Studio Solution File, Format Version 8.00
Project("{FAE04EC0-301F-11D3-BF4B-00C04F79EFBC}") = "Laufende Dienste ermitteln", "Laufende Dienste ermitteln.csproj", "{D089FEE1-70EF-406A-93FD-D0B892E259FA}"
	ProjectSection(ProjectDependencies) = postProject
	EndProjectSection
EndProject
Global
	GlobalSection(SolutionConfiguration) = preSolution
		Debug = Debug
		Release = Release
	EndGlobalSection
	GlobalSection(ProjectConfiguration) = postSolution
		{D089FEE1-70EF-406A-93FD-D0B892E259FA}.Debug.ActiveCfg = Debug|.NET
		{D089FEE1-70EF-406A-93FD-D0B892E259FA}.Debug.Build.0 = Debug|.NET
		{D089FEE1-70EF-406A-93FD-D0B892E259FA}.Release.ActiveCfg = Release|.NET
		{D089FEE1-70EF-406A-93FD-D0B892E259FA}.Release.Build.0 = Release|.NET
	EndGlobalSection
	GlobalSection(ExtensibilityGlobals) = postSolution
	EndGlobalSection
	GlobalSection(ExtensibilityAddIns) = postSolution
	EndGlobalSection
EndGlobal
