Microsoft Visual Studio Solution File, Format Version 8.00
Project("{FAE04EC0-301F-11D3-BF4B-00C04F79EFBC}") = "XSL", "XSL.csproj", "{09EA6930-EE48-44EE-83E4-7659C79FB59D}"
	ProjectSection(ProjectDependencies) = postProject
	EndProjectSection
EndProject
Global
	GlobalSection(SolutionConfiguration) = preSolution
		Debug = Debug
		Release = Release
	EndGlobalSection
	GlobalSection(ProjectConfiguration) = postSolution
		{09EA6930-EE48-44EE-83E4-7659C79FB59D}.Debug.ActiveCfg = Debug|.NET
		{09EA6930-EE48-44EE-83E4-7659C79FB59D}.Debug.Build.0 = Debug|.NET
		{09EA6930-EE48-44EE-83E4-7659C79FB59D}.Release.ActiveCfg = Release|.NET
		{09EA6930-EE48-44EE-83E4-7659C79FB59D}.Release.Build.0 = Release|.NET
	EndGlobalSection
	GlobalSection(ExtensibilityGlobals) = postSolution
	EndGlobalSection
	GlobalSection(ExtensibilityAddIns) = postSolution
	EndGlobalSection
EndGlobal
