Microsoft Visual Studio Solution File, Format Version 8.00
Project("{FAE04EC0-301F-11D3-BF4B-00C04F79EFBC}") = "Datei in Path suchen", "Datei in Path suchen.csproj", "{A5F3525B-C484-49F0-A56B-E1AA6F306F8A}"
	ProjectSection(ProjectDependencies) = postProject
	EndProjectSection
EndProject
Global
	GlobalSection(SolutionConfiguration) = preSolution
		Debug = Debug
		Release = Release
	EndGlobalSection
	GlobalSection(ProjectConfiguration) = postSolution
		{A5F3525B-C484-49F0-A56B-E1AA6F306F8A}.Debug.ActiveCfg = Debug|.NET
		{A5F3525B-C484-49F0-A56B-E1AA6F306F8A}.Debug.Build.0 = Debug|.NET
		{A5F3525B-C484-49F0-A56B-E1AA6F306F8A}.Release.ActiveCfg = Release|.NET
		{A5F3525B-C484-49F0-A56B-E1AA6F306F8A}.Release.Build.0 = Release|.NET
	EndGlobalSection
	GlobalSection(ExtensibilityGlobals) = postSolution
	EndGlobalSection
	GlobalSection(ExtensibilityAddIns) = postSolution
	EndGlobalSection
EndGlobal
