Microsoft Visual Studio Solution File, Format Version 8.00
Project("{FAE04EC0-301F-11D3-BF4B-00C04F79EFBC}") = "Benutzer-Gruppen", "Benutzer-Gruppen.csproj", "{26C08AB5-D464-4152-A5EC-3B6BBC95FADA}"
	ProjectSection(ProjectDependencies) = postProject
	EndProjectSection
EndProject
Global
	GlobalSection(SolutionConfiguration) = preSolution
		Debug = Debug
		Release = Release
	EndGlobalSection
	GlobalSection(ProjectConfiguration) = postSolution
		{26C08AB5-D464-4152-A5EC-3B6BBC95FADA}.Debug.ActiveCfg = Debug|.NET
		{26C08AB5-D464-4152-A5EC-3B6BBC95FADA}.Debug.Build.0 = Debug|.NET
		{26C08AB5-D464-4152-A5EC-3B6BBC95FADA}.Release.ActiveCfg = Release|.NET
		{26C08AB5-D464-4152-A5EC-3B6BBC95FADA}.Release.Build.0 = Release|.NET
	EndGlobalSection
	GlobalSection(ExtensibilityGlobals) = postSolution
	EndGlobalSection
	GlobalSection(ExtensibilityAddIns) = postSolution
	EndGlobalSection
EndGlobal
