Microsoft Visual Studio Solution File, Format Version 8.00
Project("{FAE04EC0-301F-11D3-BF4B-00C04F79EFBC}") = "Word-Dokumente erzeugen", "Word-Dokumente erzeugen.csproj", "{10899B2F-D932-41C3-96E6-4D639204088E}"
	ProjectSection(ProjectDependencies) = postProject
	EndProjectSection
EndProject
Global
	GlobalSection(SolutionConfiguration) = preSolution
		Debug = Debug
		Release = Release
	EndGlobalSection
	GlobalSection(ProjectConfiguration) = postSolution
		{10899B2F-D932-41C3-96E6-4D639204088E}.Debug.ActiveCfg = Debug|.NET
		{10899B2F-D932-41C3-96E6-4D639204088E}.Debug.Build.0 = Debug|.NET
		{10899B2F-D932-41C3-96E6-4D639204088E}.Release.ActiveCfg = Release|.NET
		{10899B2F-D932-41C3-96E6-4D639204088E}.Release.Build.0 = Release|.NET
	EndGlobalSection
	GlobalSection(ExtensibilityGlobals) = postSolution
	EndGlobalSection
	GlobalSection(ExtensibilityAddIns) = postSolution
	EndGlobalSection
EndGlobal
