Microsoft Visual Studio Solution File, Format Version 8.00
Project("{FAE04EC0-301F-11D3-BF4B-00C04F79EFBC}") = "Kurzer Dateiname", "Kurzer Dateiname.csproj", "{45DA8107-357C-4682-AC9D-89E08DCACE68}"
	ProjectSection(ProjectDependencies) = postProject
	EndProjectSection
EndProject
Global
	GlobalSection(SolutionConfiguration) = preSolution
		Debug = Debug
		Release = Release
	EndGlobalSection
	GlobalSection(ProjectConfiguration) = postSolution
		{45DA8107-357C-4682-AC9D-89E08DCACE68}.Debug.ActiveCfg = Debug|.NET
		{45DA8107-357C-4682-AC9D-89E08DCACE68}.Debug.Build.0 = Debug|.NET
		{45DA8107-357C-4682-AC9D-89E08DCACE68}.Release.ActiveCfg = Release|.NET
		{45DA8107-357C-4682-AC9D-89E08DCACE68}.Release.Build.0 = Release|.NET
	EndGlobalSection
	GlobalSection(ExtensibilityGlobals) = postSolution
	EndGlobalSection
	GlobalSection(ExtensibilityAddIns) = postSolution
	EndGlobalSection
EndGlobal
