Microsoft Visual Studio Solution File, Format Version 8.00
Project("{FAE04EC0-301F-11D3-BF4B-00C04F79EFBC}") = "Dateiattribute", "Dateiattribute.csproj", "{6630B7D2-7F42-45CA-B15A-A21AA156E6D9}"
	ProjectSection(ProjectDependencies) = postProject
	EndProjectSection
EndProject
Global
	GlobalSection(SolutionConfiguration) = preSolution
		Debug = Debug
		Release = Release
	EndGlobalSection
	GlobalSection(ProjectConfiguration) = postSolution
		{6630B7D2-7F42-45CA-B15A-A21AA156E6D9}.Debug.ActiveCfg = Debug|.NET
		{6630B7D2-7F42-45CA-B15A-A21AA156E6D9}.Debug.Build.0 = Debug|.NET
		{6630B7D2-7F42-45CA-B15A-A21AA156E6D9}.Release.ActiveCfg = Release|.NET
		{6630B7D2-7F42-45CA-B15A-A21AA156E6D9}.Release.Build.0 = Release|.NET
	EndGlobalSection
	GlobalSection(ExtensibilityGlobals) = postSolution
	EndGlobalSection
	GlobalSection(ExtensibilityAddIns) = postSolution
	EndGlobalSection
EndGlobal
