Microsoft Visual Studio Solution File, Format Version 8.00
Project("{FAE04EC0-301F-11D3-BF4B-00C04F79EFBC}") = "Systemdatum mit NIST-Server synchronisieren", "Systemdatum mit NIST-Server synchronisieren.csproj", "{495CFDCA-79EA-4496-8669-36EBBDE1B417}"
	ProjectSection(ProjectDependencies) = postProject
	EndProjectSection
EndProject
Global
	GlobalSection(SolutionConfiguration) = preSolution
		Debug = Debug
		Release = Release
	EndGlobalSection
	GlobalSection(ProjectConfiguration) = postSolution
		{495CFDCA-79EA-4496-8669-36EBBDE1B417}.Debug.ActiveCfg = Debug|.NET
		{495CFDCA-79EA-4496-8669-36EBBDE1B417}.Debug.Build.0 = Debug|.NET
		{495CFDCA-79EA-4496-8669-36EBBDE1B417}.Release.ActiveCfg = Release|.NET
		{495CFDCA-79EA-4496-8669-36EBBDE1B417}.Release.Build.0 = Release|.NET
	EndGlobalSection
	GlobalSection(ExtensibilityGlobals) = postSolution
	EndGlobalSection
	GlobalSection(ExtensibilityAddIns) = postSolution
	EndGlobalSection
EndGlobal
