Microsoft Visual Studio Solution File, Format Version 8.00
Project("{FAE04EC0-301F-11D3-BF4B-00C04F79EFBC}") = "Xml-Dateien validierend über das DOM lesen", "Xml-Dateien validierend über das DOM lesen.csproj", "{A16BFDA0-F983-4911-A338-1C589E90C037}"
	ProjectSection(ProjectDependencies) = postProject
	EndProjectSection
EndProject
Global
	GlobalSection(SolutionConfiguration) = preSolution
		Debug = Debug
		Release = Release
	EndGlobalSection
	GlobalSection(ProjectConfiguration) = postSolution
		{A16BFDA0-F983-4911-A338-1C589E90C037}.Debug.ActiveCfg = Debug|.NET
		{A16BFDA0-F983-4911-A338-1C589E90C037}.Debug.Build.0 = Debug|.NET
		{A16BFDA0-F983-4911-A338-1C589E90C037}.Release.ActiveCfg = Release|.NET
		{A16BFDA0-F983-4911-A338-1C589E90C037}.Release.Build.0 = Release|.NET
	EndGlobalSection
	GlobalSection(ExtensibilityGlobals) = postSolution
	EndGlobalSection
	GlobalSection(ExtensibilityAddIns) = postSolution
	EndGlobalSection
EndGlobal
