Microsoft Visual Studio Solution File, Format Version 8.00
Project("{FAE04EC0-301F-11D3-BF4B-00C04F79EFBC}") = "Bild mit Schatten zeichnen", "Bild mit Schatten zeichnen.csproj", "{6D9589F0-9FAD-4464-8DB6-AFEE1B2B43BD}"
	ProjectSection(ProjectDependencies) = postProject
	EndProjectSection
EndProject
Global
	GlobalSection(SolutionConfiguration) = preSolution
		Debug = Debug
		Release = Release
	EndGlobalSection
	GlobalSection(ProjectConfiguration) = postSolution
		{6D9589F0-9FAD-4464-8DB6-AFEE1B2B43BD}.Debug.ActiveCfg = Debug|.NET
		{6D9589F0-9FAD-4464-8DB6-AFEE1B2B43BD}.Debug.Build.0 = Debug|.NET
		{6D9589F0-9FAD-4464-8DB6-AFEE1B2B43BD}.Release.ActiveCfg = Release|.NET
		{6D9589F0-9FAD-4464-8DB6-AFEE1B2B43BD}.Release.Build.0 = Release|.NET
	EndGlobalSection
	GlobalSection(ExtensibilityGlobals) = postSolution
	EndGlobalSection
	GlobalSection(ExtensibilityAddIns) = postSolution
	EndGlobalSection
EndGlobal
