Microsoft Visual Studio Solution File, Format Version 8.00
Project("{FAE04EC0-301F-11D3-BF4B-00C04F79EFBC}") = "Zahlen kaufmännisch runden", "Zahlen kaufmännisch runden.csproj", "{4C80669E-1362-4F26-87F7-F42991B319CD}"
	ProjectSection(ProjectDependencies) = postProject
	EndProjectSection
EndProject
Global
	GlobalSection(SolutionConfiguration) = preSolution
		Debug = Debug
		Release = Release
	EndGlobalSection
	GlobalSection(ProjectConfiguration) = postSolution
		{4C80669E-1362-4F26-87F7-F42991B319CD}.Debug.ActiveCfg = Debug|.NET
		{4C80669E-1362-4F26-87F7-F42991B319CD}.Debug.Build.0 = Debug|.NET
		{4C80669E-1362-4F26-87F7-F42991B319CD}.Release.ActiveCfg = Release|.NET
		{4C80669E-1362-4F26-87F7-F42991B319CD}.Release.Build.0 = Release|.NET
	EndGlobalSection
	GlobalSection(ExtensibilityGlobals) = postSolution
	EndGlobalSection
	GlobalSection(ExtensibilityAddIns) = postSolution
	EndGlobalSection
EndGlobal
