Microsoft Visual Studio Solution File, Format Version 8.00
Project("{FAE04EC0-301F-11D3-BF4B-00C04F79EFBC}") = "Dual-Werte konvertieren", "Dual-Werte konvertieren.csproj", "{AADC2AE1-9B4A-45F0-BECB-12F14B44D36B}"
	ProjectSection(ProjectDependencies) = postProject
	EndProjectSection
EndProject
Global
	GlobalSection(SolutionConfiguration) = preSolution
		Debug = Debug
		Release = Release
	EndGlobalSection
	GlobalSection(ProjectConfiguration) = postSolution
		{AADC2AE1-9B4A-45F0-BECB-12F14B44D36B}.Debug.ActiveCfg = Debug|.NET
		{AADC2AE1-9B4A-45F0-BECB-12F14B44D36B}.Debug.Build.0 = Debug|.NET
		{AADC2AE1-9B4A-45F0-BECB-12F14B44D36B}.Release.ActiveCfg = Release|.NET
		{AADC2AE1-9B4A-45F0-BECB-12F14B44D36B}.Release.Build.0 = Release|.NET
	EndGlobalSection
	GlobalSection(ExtensibilityGlobals) = postSolution
	EndGlobalSection
	GlobalSection(ExtensibilityAddIns) = postSolution
	EndGlobalSection
EndGlobal
