Microsoft Visual Studio Solution File, Format Version 8.00
Project("{FAE04EC0-301F-11D3-BF4B-00C04F79EFBC}") = "String wortgerecht kürzen", "String wortgerecht kürzen.csproj", "{35B9CDBD-843E-481A-A48C-984BC6469171}"
	ProjectSection(ProjectDependencies) = postProject
	EndProjectSection
EndProject
Global
	GlobalSection(SolutionConfiguration) = preSolution
		Debug = Debug
		Release = Release
	EndGlobalSection
	GlobalSection(ProjectConfiguration) = postSolution
		{35B9CDBD-843E-481A-A48C-984BC6469171}.Debug.ActiveCfg = Debug|.NET
		{35B9CDBD-843E-481A-A48C-984BC6469171}.Debug.Build.0 = Debug|.NET
		{35B9CDBD-843E-481A-A48C-984BC6469171}.Release.ActiveCfg = Release|.NET
		{35B9CDBD-843E-481A-A48C-984BC6469171}.Release.Build.0 = Release|.NET
	EndGlobalSection
	GlobalSection(ExtensibilityGlobals) = postSolution
	EndGlobalSection
	GlobalSection(ExtensibilityAddIns) = postSolution
	EndGlobalSection
EndGlobal
