Microsoft Visual Studio Solution File, Format Version 8.00
Project("{FAE04EC0-301F-11D3-BF4B-00C04F79EFBC}") = "XML-Dateien über das DOM lesen", "XML-Dateien über das DOM lesen.csproj", "{7B96B601-9390-493B-8B01-B8950408C295}"
	ProjectSection(ProjectDependencies) = postProject
	EndProjectSection
EndProject
Global
	GlobalSection(SolutionConfiguration) = preSolution
		Debug = Debug
		Release = Release
	EndGlobalSection
	GlobalSection(ProjectConfiguration) = postSolution
		{7B96B601-9390-493B-8B01-B8950408C295}.Debug.ActiveCfg = Debug|.NET
		{7B96B601-9390-493B-8B01-B8950408C295}.Debug.Build.0 = Debug|.NET
		{7B96B601-9390-493B-8B01-B8950408C295}.Release.ActiveCfg = Release|.NET
		{7B96B601-9390-493B-8B01-B8950408C295}.Release.Build.0 = Release|.NET
	EndGlobalSection
	GlobalSection(ExtensibilityGlobals) = postSolution
	EndGlobalSection
	GlobalSection(ExtensibilityAddIns) = postSolution
	EndGlobalSection
EndGlobal
