Microsoft Visual Studio Solution File, Format Version 8.00
Project("{FAE04EC0-301F-11D3-BF4B-00C04F79EFBC}") = "Internetverbindung über CheckConnectedState prüfen", "Internetverbindung über CheckConnectedState prüfen.csproj", "{7CBFA259-EFC2-4384-99C0-F97C4317CB81}"
	ProjectSection(ProjectDependencies) = postProject
	EndProjectSection
EndProject
Global
	GlobalSection(SolutionConfiguration) = preSolution
		Debug = Debug
		Release = Release
	EndGlobalSection
	GlobalSection(ProjectConfiguration) = postSolution
		{7CBFA259-EFC2-4384-99C0-F97C4317CB81}.Debug.ActiveCfg = Debug|.NET
		{7CBFA259-EFC2-4384-99C0-F97C4317CB81}.Debug.Build.0 = Debug|.NET
		{7CBFA259-EFC2-4384-99C0-F97C4317CB81}.Release.ActiveCfg = Release|.NET
		{7CBFA259-EFC2-4384-99C0-F97C4317CB81}.Release.Build.0 = Release|.NET
	EndGlobalSection
	GlobalSection(ExtensibilityGlobals) = postSolution
	EndGlobalSection
	GlobalSection(ExtensibilityAddIns) = postSolution
	EndGlobalSection
EndGlobal
