Microsoft Visual Studio Solution File, Format Version 8.00
Project("{FAE04EC0-301F-11D3-BF4B-00C04F79EFBC}") = "Temp-Ordner", "Temp-Ordner.csproj", "{185A3763-A353-4DF1-813E-683CDF48F7E7}"
	ProjectSection(ProjectDependencies) = postProject
	EndProjectSection
EndProject
Global
	GlobalSection(SolutionConfiguration) = preSolution
		Debug = Debug
		Release = Release
	EndGlobalSection
	GlobalSection(ProjectConfiguration) = postSolution
		{185A3763-A353-4DF1-813E-683CDF48F7E7}.Debug.ActiveCfg = Debug|.NET
		{185A3763-A353-4DF1-813E-683CDF48F7E7}.Debug.Build.0 = Debug|.NET
		{185A3763-A353-4DF1-813E-683CDF48F7E7}.Release.ActiveCfg = Release|.NET
		{185A3763-A353-4DF1-813E-683CDF48F7E7}.Release.Build.0 = Release|.NET
	EndGlobalSection
	GlobalSection(ExtensibilityGlobals) = postSolution
	EndGlobalSection
	GlobalSection(ExtensibilityAddIns) = postSolution
	EndGlobalSection
EndGlobal
