Microsoft Visual Studio Solution File, Format Version 8.00
Project("{FAE04EC0-301F-11D3-BF4B-00C04F79EFBC}") = "Archiv lesen", "Archiv lesen.csproj", "{35949C5C-6EB2-43F8-BF87-5FC188697E62}"
	ProjectSection(ProjectDependencies) = postProject
	EndProjectSection
EndProject
Global
	GlobalSection(SolutionConfiguration) = preSolution
		Debug = Debug
		Release = Release
	EndGlobalSection
	GlobalSection(ProjectConfiguration) = postSolution
		{35949C5C-6EB2-43F8-BF87-5FC188697E62}.Debug.ActiveCfg = Debug|.NET
		{35949C5C-6EB2-43F8-BF87-5FC188697E62}.Debug.Build.0 = Debug|.NET
		{35949C5C-6EB2-43F8-BF87-5FC188697E62}.Release.ActiveCfg = Release|.NET
		{35949C5C-6EB2-43F8-BF87-5FC188697E62}.Release.Build.0 = Release|.NET
	EndGlobalSection
	GlobalSection(ExtensibilityGlobals) = postSolution
	EndGlobalSection
	GlobalSection(ExtensibilityAddIns) = postSolution
	EndGlobalSection
EndGlobal
