Microsoft Visual Studio Solution File, Format Version 8.00
Project("{FAE04EC0-301F-11D3-BF4B-00C04F79EFBC}") = "Späte COM-Bindung", "Späte COM-Bindung.csproj", "{F14E6270-5D1F-4D95-B362-20C46887EFF4}"
	ProjectSection(ProjectDependencies) = postProject
	EndProjectSection
EndProject
Global
	GlobalSection(SolutionConfiguration) = preSolution
		Debug = Debug
		Release = Release
	EndGlobalSection
	GlobalSection(ProjectConfiguration) = postSolution
		{F14E6270-5D1F-4D95-B362-20C46887EFF4}.Debug.ActiveCfg = Debug|.NET
		{F14E6270-5D1F-4D95-B362-20C46887EFF4}.Debug.Build.0 = Debug|.NET
		{F14E6270-5D1F-4D95-B362-20C46887EFF4}.Release.ActiveCfg = Release|.NET
		{F14E6270-5D1F-4D95-B362-20C46887EFF4}.Release.Build.0 = Release|.NET
	EndGlobalSection
	GlobalSection(ExtensibilityGlobals) = postSolution
	EndGlobalSection
	GlobalSection(ExtensibilityAddIns) = postSolution
	EndGlobalSection
EndGlobal
