Microsoft Visual Studio Solution File, Format Version 8.00
Project("{FAE04EC0-301F-11D3-BF4B-00C04F79EFBC}") = "Binäre XML-Daten", "Binäre XML-Daten.csproj", "{E436550D-C975-42E7-8964-E626433A89AF}"
	ProjectSection(ProjectDependencies) = postProject
	EndProjectSection
EndProject
Global
	GlobalSection(SolutionConfiguration) = preSolution
		Debug = Debug
		Release = Release
	EndGlobalSection
	GlobalSection(ProjectConfiguration) = postSolution
		{E436550D-C975-42E7-8964-E626433A89AF}.Debug.ActiveCfg = Debug|.NET
		{E436550D-C975-42E7-8964-E626433A89AF}.Debug.Build.0 = Debug|.NET
		{E436550D-C975-42E7-8964-E626433A89AF}.Release.ActiveCfg = Release|.NET
		{E436550D-C975-42E7-8964-E626433A89AF}.Release.Build.0 = Release|.NET
	EndGlobalSection
	GlobalSection(ExtensibilityGlobals) = postSolution
	EndGlobalSection
	GlobalSection(ExtensibilityAddIns) = postSolution
	EndGlobalSection
EndGlobal
