Microsoft Visual Studio Solution File, Format Version 8.00
Project("{FAE04EC0-301F-11D3-BF4B-00C04F79EFBC}") = "WMI-Remote", "WMI-Remote.csproj", "{C4955E23-4B1F-49A1-B751-43B878BB5C50}"
	ProjectSection(ProjectDependencies) = postProject
	EndProjectSection
EndProject
Global
	GlobalSection(SolutionConfiguration) = preSolution
		Debug = Debug
		Release = Release
	EndGlobalSection
	GlobalSection(ProjectConfiguration) = postSolution
		{C4955E23-4B1F-49A1-B751-43B878BB5C50}.Debug.ActiveCfg = Debug|.NET
		{C4955E23-4B1F-49A1-B751-43B878BB5C50}.Debug.Build.0 = Debug|.NET
		{C4955E23-4B1F-49A1-B751-43B878BB5C50}.Release.ActiveCfg = Release|.NET
		{C4955E23-4B1F-49A1-B751-43B878BB5C50}.Release.Build.0 = Release|.NET
	EndGlobalSection
	GlobalSection(ExtensibilityGlobals) = postSolution
	EndGlobalSection
	GlobalSection(ExtensibilityAddIns) = postSolution
	EndGlobalSection
EndGlobal
