Microsoft Visual Studio Solution File, Format Version 8.00
Project("{FAE04EC0-301F-11D3-BF4B-00C04F79EFBC}") = "Hooking", "Hooking.csproj", "{9E32897A-2AC0-4900-88C2-7BB702EA4CC3}"
	ProjectSection(ProjectDependencies) = postProject
	EndProjectSection
EndProject
Global
	GlobalSection(SolutionConfiguration) = preSolution
		Debug = Debug
		Release = Release
	EndGlobalSection
	GlobalSection(ProjectConfiguration) = postSolution
		{9E32897A-2AC0-4900-88C2-7BB702EA4CC3}.Debug.ActiveCfg = Debug|.NET
		{9E32897A-2AC0-4900-88C2-7BB702EA4CC3}.Debug.Build.0 = Debug|.NET
		{9E32897A-2AC0-4900-88C2-7BB702EA4CC3}.Release.ActiveCfg = Release|.NET
		{9E32897A-2AC0-4900-88C2-7BB702EA4CC3}.Release.Build.0 = Release|.NET
	EndGlobalSection
	GlobalSection(ExtensibilityGlobals) = postSolution
	EndGlobalSection
	GlobalSection(ExtensibilityAddIns) = postSolution
	EndGlobalSection
EndGlobal
