Microsoft Visual Studio Solution File, Format Version 8.00
Project("{FAE04EC0-301F-11D3-BF4B-00C04F79EFBC}") = "Windows-Version", "Windows-Version.csproj", "{D290FF0B-1AD8-4EF4-AEBB-A6FDE5827D8E}"
	ProjectSection(ProjectDependencies) = postProject
	EndProjectSection
EndProject
Global
	GlobalSection(SolutionConfiguration) = preSolution
		Debug = Debug
		Release = Release
	EndGlobalSection
	GlobalSection(ProjectConfiguration) = postSolution
		{D290FF0B-1AD8-4EF4-AEBB-A6FDE5827D8E}.Debug.ActiveCfg = Debug|.NET
		{D290FF0B-1AD8-4EF4-AEBB-A6FDE5827D8E}.Debug.Build.0 = Debug|.NET
		{D290FF0B-1AD8-4EF4-AEBB-A6FDE5827D8E}.Release.ActiveCfg = Release|.NET
		{D290FF0B-1AD8-4EF4-AEBB-A6FDE5827D8E}.Release.Build.0 = Release|.NET
	EndGlobalSection
	GlobalSection(ExtensibilityGlobals) = postSolution
	EndGlobalSection
	GlobalSection(ExtensibilityAddIns) = postSolution
	EndGlobalSection
EndGlobal
