Microsoft Visual Studio Solution File, Format Version 8.00
Project("{FAE04EC0-301F-11D3-BF4B-00C04F79EFBC}") = "Anwendung prüfen", "Anwendung prüfen.csproj", "{B108AF0D-1182-4CDA-8D02-E27836743F64}"
	ProjectSection(ProjectDependencies) = postProject
	EndProjectSection
EndProject
Global
	GlobalSection(SolutionConfiguration) = preSolution
		Debug = Debug
		Release = Release
	EndGlobalSection
	GlobalSection(ProjectConfiguration) = postSolution
		{B108AF0D-1182-4CDA-8D02-E27836743F64}.Debug.ActiveCfg = Debug|.NET
		{B108AF0D-1182-4CDA-8D02-E27836743F64}.Debug.Build.0 = Debug|.NET
		{B108AF0D-1182-4CDA-8D02-E27836743F64}.Release.ActiveCfg = Release|.NET
		{B108AF0D-1182-4CDA-8D02-E27836743F64}.Release.Build.0 = Release|.NET
	EndGlobalSection
	GlobalSection(ExtensibilityGlobals) = postSolution
	EndGlobalSection
	GlobalSection(ExtensibilityAddIns) = postSolution
	EndGlobalSection
EndGlobal
