Microsoft Visual Studio Solution File, Format Version 8.00
Project("{FAE04EC0-301F-11D3-BF4B-00C04F79EFBC}") = "Zahleingaben prüfen", "Zahleingaben prüfen.csproj", "{AAD14A60-BA27-45B4-A65D-C8E93A542477}"
	ProjectSection(ProjectDependencies) = postProject
	EndProjectSection
EndProject
Global
	GlobalSection(SolutionConfiguration) = preSolution
		Debug = Debug
		Release = Release
	EndGlobalSection
	GlobalSection(ProjectConfiguration) = postSolution
		{AAD14A60-BA27-45B4-A65D-C8E93A542477}.Debug.ActiveCfg = Debug|.NET
		{AAD14A60-BA27-45B4-A65D-C8E93A542477}.Debug.Build.0 = Debug|.NET
		{AAD14A60-BA27-45B4-A65D-C8E93A542477}.Release.ActiveCfg = Release|.NET
		{AAD14A60-BA27-45B4-A65D-C8E93A542477}.Release.Build.0 = Release|.NET
	EndGlobalSection
	GlobalSection(ExtensibilityGlobals) = postSolution
	EndGlobalSection
	GlobalSection(ExtensibilityAddIns) = postSolution
	EndGlobalSection
EndGlobal
