Microsoft Visual Studio Solution File, Format Version 8.00
Project("{FAE04EC0-301F-11D3-BF4B-00C04F79EFBC}") = "Test eigener Leistungsindikatoren", "Test eigener Leistungsindikatoren.csproj", "{ACA87B5D-4B5B-42EC-92C5-EA72AD60D676}"
	ProjectSection(ProjectDependencies) = postProject
	EndProjectSection
EndProject
Global
	GlobalSection(SolutionConfiguration) = preSolution
		Debug = Debug
		Release = Release
	EndGlobalSection
	GlobalSection(ProjectConfiguration) = postSolution
		{ACA87B5D-4B5B-42EC-92C5-EA72AD60D676}.Debug.ActiveCfg = Debug|.NET
		{ACA87B5D-4B5B-42EC-92C5-EA72AD60D676}.Debug.Build.0 = Debug|.NET
		{ACA87B5D-4B5B-42EC-92C5-EA72AD60D676}.Release.ActiveCfg = Release|.NET
		{ACA87B5D-4B5B-42EC-92C5-EA72AD60D676}.Release.Build.0 = Release|.NET
	EndGlobalSection
	GlobalSection(ExtensibilityGlobals) = postSolution
	EndGlobalSection
	GlobalSection(ExtensibilityAddIns) = postSolution
	EndGlobalSection
EndGlobal
