Microsoft Visual Studio Solution File, Format Version 8.00
Project("{FAE04EC0-301F-11D3-BF4B-00C04F79EFBC}") = "Outlook-Kontakte", "Outlook-Kontakte.csproj", "{49900F5E-904D-45BD-A38A-5790BB985BA1}"
	ProjectSection(ProjectDependencies) = postProject
	EndProjectSection
EndProject
Global
	GlobalSection(SolutionConfiguration) = preSolution
		Debug = Debug
		Release = Release
	EndGlobalSection
	GlobalSection(ProjectConfiguration) = postSolution
		{49900F5E-904D-45BD-A38A-5790BB985BA1}.Debug.ActiveCfg = Debug|.NET
		{49900F5E-904D-45BD-A38A-5790BB985BA1}.Debug.Build.0 = Debug|.NET
		{49900F5E-904D-45BD-A38A-5790BB985BA1}.Release.ActiveCfg = Release|.NET
		{49900F5E-904D-45BD-A38A-5790BB985BA1}.Release.Build.0 = Release|.NET
	EndGlobalSection
	GlobalSection(ExtensibilityGlobals) = postSolution
	EndGlobalSection
	GlobalSection(ExtensibilityAddIns) = postSolution
	EndGlobalSection
EndGlobal
